# This file is automatically @generated by Wally.
# It is not intended for manual editing.
registry = "test"

[[package]]
name = "evaera/cmdr"
version = "1.12.0"
dependencies = []

[[package]]
name = "michael-48/iris"
version = "2.1.4"
dependencies = []

[[package]]
name = "red-blox/bin"
version = "1.0.0"
dependencies = [["Spawn", "red-blox/spawn@1.0.0"]]

[[package]]
name = "red-blox/future"
version = "1.0.1"
dependencies = [["Spawn", "red-blox/spawn@1.0.0"]]

[[package]]
name = "red-blox/guard"
version = "1.0.1"
dependencies = []

[[package]]
name = "red-blox/signal"
version = "2.0.2"
dependencies = [["Spawn", "red-blox/spawn@1.0.0"]]

[[package]]
name = "red-blox/spawn"
version = "1.0.0"
dependencies = []

[[package]]
name = "reselim/base64"
version = "2.0.3"
dependencies = []

[[package]]
name = "sleitnick/table-util"
version = "1.2.1"
dependencies = []

[[package]]
name = "tazmondo/future"
version = "1.0.1"
dependencies = [["Spawn", "red-blox/spawn@1.0.0"]]

[[package]]
name = "tazmondo/marketplacev2"
version = "0.1.0"
dependencies = [["Base64", "reselim/base64@2.0.3"], ["Bin", "red-blox/bin@1.0.0"], ["Cmdr", "evaera/cmdr@1.12.0"], ["Future", "tazmondo/future@1.0.1"], ["Guard", "red-blox/guard@1.0.1"], ["Iris", "michael-48/iris@2.1.4"], ["Red", "tazmondo/red@2.3.2"], ["Signal", "red-blox/signal@2.0.2"], ["Spawn", "red-blox/spawn@1.0.0"], ["TableUtil", "sleitnick/table-util@1.2.1"]]

[[package]]
name = "tazmondo/red"
version = "2.3.2"
dependencies = [["Future", "red-blox/future@1.0.1"], ["Guard", "red-blox/guard@1.0.1"], ["Signal", "red-blox/signal@2.0.2"], ["Spawn", "red-blox/spawn@1.0.0"]]
